// !$*UTF8*$!
{
	archiveVersion = 1;
	classes = {
	};
	objectVersion = 56;
	objects = {

/* Begin PBXBuildFile section */
		5B1BA7112BFA4C2B008E1C00 /* LocationViewModel.swift in Sources */ = {isa = PBXBuildFile; fileRef = 5B1BA7102BFA4C2B008E1C00 /* LocationViewModel.swift */; };
		5B1BA7182BFC4A8E008E1C00 /* LandingPage.swift in Sources */ = {isa = PBXBuildFile; fileRef = 5B1BA7172BFC4A8E008E1C00 /* LandingPage.swift */; };
		5B1BA71A2BFC4BFF008E1C00 /* InsertLocationView.swift in Sources */ = {isa = PBXBuildFile; fileRef = 5B1BA7192BFC4BFF008E1C00 /* InsertLocationView.swift */; };
		5B1BA71D2BFC50CF008E1C00 /* RouteResultView.swift in Sources */ = {isa = PBXBuildFile; fileRef = 5B1BA71C2BFC50CF008E1C00 /* RouteResultView.swift */; };
		5B1BA7202BFCF1AC008E1C00 /* Routes.swift in Sources */ = {isa = PBXBuildFile; fileRef = 5B1BA71F2BFCF1AC008E1C00 /* Routes.swift */; };
		5B1BA7222BFCF7DF008E1C00 /* SavedRoutesView.swift in Sources */ = {isa = PBXBuildFile; fileRef = 5B1BA7212BFCF7DF008E1C00 /* SavedRoutesView.swift */; };
		5B1BA7242C023325008E1C00 /* InsertLocationViewModel.swift in Sources */ = {isa = PBXBuildFile; fileRef = 5B1BA7232C023325008E1C00 /* InsertLocationViewModel.swift */; };
		5BC3637C2BF3C085004D46DB /* itinerarymakerApp.swift in Sources */ = {isa = PBXBuildFile; fileRef = 5BC3637B2BF3C085004D46DB /* itinerarymakerApp.swift */; };
		5BC3637E2BF3C085004D46DB /* ContentView.swift in Sources */ = {isa = PBXBuildFile; fileRef = 5BC3637D2BF3C085004D46DB /* ContentView.swift */; };
		5BC363802BF3C085004D46DB /* Item.swift in Sources */ = {isa = PBXBuildFile; fileRef = 5BC3637F2BF3C085004D46DB /* Item.swift */; };
		5BC363822BF3C086004D46DB /* Assets.xcassets in Resources */ = {isa = PBXBuildFile; fileRef = 5BC363812BF3C086004D46DB /* Assets.xcassets */; };
		5BC363852BF3C086004D46DB /* Preview Assets.xcassets in Resources */ = {isa = PBXBuildFile; fileRef = 5BC363842BF3C086004D46DB /* Preview Assets.xcassets */; };
/* End PBXBuildFile section */

/* Begin PBXFileReference section */
		5B1BA7102BFA4C2B008E1C00 /* LocationViewModel.swift */ = {isa = PBXFileReference; lastKnownFileType = sourcecode.swift; path = LocationViewModel.swift; sourceTree = "<group>"; };
		5B1BA7172BFC4A8E008E1C00 /* LandingPage.swift */ = {isa = PBXFileReference; lastKnownFileType = sourcecode.swift; path = LandingPage.swift; sourceTree = "<group>"; };
		5B1BA7192BFC4BFF008E1C00 /* InsertLocationView.swift */ = {isa = PBXFileReference; lastKnownFileType = sourcecode.swift; path = InsertLocationView.swift; sourceTree = "<group>"; };
		5B1BA71C2BFC50CF008E1C00 /* RouteResultView.swift */ = {isa = PBXFileReference; lastKnownFileType = sourcecode.swift; path = RouteResultView.swift; sourceTree = "<group>"; };
		5B1BA71F2BFCF1AC008E1C00 /* Routes.swift */ = {isa = PBXFileReference; lastKnownFileType = sourcecode.swift; path = Routes.swift; sourceTree = "<group>"; };
		5B1BA7212BFCF7DF008E1C00 /* SavedRoutesView.swift */ = {isa = PBXFileReference; lastKnownFileType = sourcecode.swift; path = SavedRoutesView.swift; sourceTree = "<group>"; };
		5B1BA7232C023325008E1C00 /* InsertLocationViewModel.swift */ = {isa = PBXFileReference; lastKnownFileType = sourcecode.swift; path = InsertLocationViewModel.swift; sourceTree = "<group>"; };
		5BC363782BF3C085004D46DB /* itinerarymaker.app */ = {isa = PBXFileReference; explicitFileType = wrapper.application; includeInIndex = 0; path = itinerarymaker.app; sourceTree = BUILT_PRODUCTS_DIR; };
		5BC3637B2BF3C085004D46DB /* itinerarymakerApp.swift */ = {isa = PBXFileReference; lastKnownFileType = sourcecode.swift; path = itinerarymakerApp.swift; sourceTree = "<group>"; };
		5BC3637D2BF3C085004D46DB /* ContentView.swift */ = {isa = PBXFileReference; lastKnownFileType = sourcecode.swift; path = ContentView.swift; sourceTree = "<group>"; };
		5BC3637F2BF3C085004D46DB /* Item.swift */ = {isa = PBXFileReference; lastKnownFileType = sourcecode.swift; path = Item.swift; sourceTree = "<group>"; };
		5BC363812BF3C086004D46DB /* Assets.xcassets */ = {isa = PBXFileReference; lastKnownFileType = folder.assetcatalog; path = Assets.xcassets; sourceTree = "<group>"; };
		5BC363842BF3C086004D46DB /* Preview Assets.xcassets */ = {isa = PBXFileReference; lastKnownFileType = folder.assetcatalog; path = "Preview Assets.xcassets"; sourceTree = "<group>"; };
/* End PBXFileReference section */

/* Begin PBXFrameworksBuildPhase section */
		5BC363752BF3C085004D46DB /* Frameworks */ = {
			isa = PBXFrameworksBuildPhase;
			buildActionMask = 2147483647;
			files = (
			);
			runOnlyForDeploymentPostprocessing = 0;
		};
/* End PBXFrameworksBuildPhase section */

/* Begin PBXGroup section */
		5B1BA7162BFC4A81008E1C00 /* Views */ = {
			isa = PBXGroup;
			children = (
				5B1BA7172BFC4A8E008E1C00 /* LandingPage.swift */,
				5B1BA7192BFC4BFF008E1C00 /* InsertLocationView.swift */,
				5BC3637D2BF3C085004D46DB /* ContentView.swift */,
				5B1BA71C2BFC50CF008E1C00 /* RouteResultView.swift */,
				5B1BA7212BFCF7DF008E1C00 /* SavedRoutesView.swift */,
			);
			path = Views;
			sourceTree = "<group>";
		};
		5B1BA71B2BFC4FF0008E1C00 /* ViewModel */ = {
			isa = PBXGroup;
			children = (
				5B1BA7102BFA4C2B008E1C00 /* LocationViewModel.swift */,
				5B1BA7232C023325008E1C00 /* InsertLocationViewModel.swift */,
			);
			path = ViewModel;
			sourceTree = "<group>";
		};
		5B1BA71E2BFCF19B008E1C00 /* Model */ = {
			isa = PBXGroup;
			children = (
				5B1BA71F2BFCF1AC008E1C00 /* Routes.swift */,
			);
			path = Model;
			sourceTree = "<group>";
		};
		5BC3636F2BF3C084004D46DB = {
			isa = PBXGroup;
			children = (
				5BC3637A2BF3C085004D46DB /* itinerarymaker */,
				5BC363792BF3C085004D46DB /* Products */,
			);
			sourceTree = "<group>";
		};
		5BC363792BF3C085004D46DB /* Products */ = {
			isa = PBXGroup;
			children = (
				5BC363782BF3C085004D46DB /* itinerarymaker.app */,
			);
			name = Products;
			sourceTree = "<group>";
		};
		5BC3637A2BF3C085004D46DB /* itinerarymaker */ = {
			isa = PBXGroup;
			children = (
				5B1BA71E2BFCF19B008E1C00 /* Model */,
				5B1BA71B2BFC4FF0008E1C00 /* ViewModel */,
				5B1BA7162BFC4A81008E1C00 /* Views */,
				5BC3637B2BF3C085004D46DB /* itinerarymakerApp.swift */,
				5BC3637F2BF3C085004D46DB /* Item.swift */,
				5BC363812BF3C086004D46DB /* Assets.xcassets */,
				5BC363832BF3C086004D46DB /* Preview Content */,
			);
			path = itinerarymaker;
			sourceTree = "<group>";
		};
		5BC363832BF3C086004D46DB /* Preview Content */ = {
			isa = PBXGroup;
			children = (
				5BC363842BF3C086004D46DB /* Preview Assets.xcassets */,
			);
			path = "Preview Content";
			sourceTree = "<group>";
		};
/* End PBXGroup section */

/* Begin PBXNativeTarget section */
		5BC363772BF3C085004D46DB /* itinerarymaker */ = {
			isa = PBXNativeTarget;
			buildConfigurationList = 5BC363882BF3C086004D46DB /* Build configuration list for PBXNativeTarget "itinerarymaker" */;
			buildPhases = (
				5BC363742BF3C085004D46DB /* Sources */,
				5BC363752BF3C085004D46DB /* Frameworks */,
				5BC363762BF3C085004D46DB /* Resources */,
			);
			buildRules = (
			);
			dependencies = (
			);
			name = itinerarymaker;
			productName = itinerarymaker;
			productReference = 5BC363782BF3C085004D46DB /* itinerarymaker.app */;
			productType = "com.apple.product-type.application";
		};
/* End PBXNativeTarget section */

/* Begin PBXProject section */
		5BC363702BF3C084004D46DB /* Project object */ = {
			isa = PBXProject;
			attributes = {
				BuildIndependentTargetsInParallel = 1;
				LastSwiftUpdateCheck = 1520;
				LastUpgradeCheck = 1520;
				TargetAttributes = {
					5BC363772BF3C085004D46DB = {
						CreatedOnToolsVersion = 15.2;
					};
				};
			};
			buildConfigurationList = 5BC363732BF3C084004D46DB /* Build configuration list for PBXProject "itinerarymaker" */;
			compatibilityVersion = "Xcode 14.0";
			developmentRegion = en;
			hasScannedForEncodings = 0;
			knownRegions = (
				en,
				Base,
			);
			mainGroup = 5BC3636F2BF3C084004D46DB;
			productRefGroup = 5BC363792BF3C085004D46DB /* Products */;
			projectDirPath = "";
			projectRoot = "";
			targets = (
				5BC363772BF3C085004D46DB /* itinerarymaker */,
			);
		};
/* End PBXProject section */

/* Begin PBXResourcesBuildPhase section */
		5BC363762BF3C085004D46DB /* Resources */ = {
			isa = PBXResourcesBuildPhase;
			buildActionMask = 2147483647;
			files = (
				5BC363852BF3C086004D46DB /* Preview Assets.xcassets in Resources */,
				5BC363822BF3C086004D46DB /* Assets.xcassets in Resources */,
			);
			runOnlyForDeploymentPostprocessing = 0;
		};
/* End PBXResourcesBuildPhase section */

/* Begin PBXSourcesBuildPhase section */
		5BC363742BF3C085004D46DB /* Sources */ = {
			isa = PBXSourcesBuildPhase;
			buildActionMask = 2147483647;
			files = (
				5B1BA7182BFC4A8E008E1C00 /* LandingPage.swift in Sources */,
				5B1BA7202BFCF1AC008E1C00 /* Routes.swift in Sources */,
				5B1BA71D2BFC50CF008E1C00 /* RouteResultView.swift in Sources */,
				5BC3637E2BF3C085004D46DB /* ContentView.swift in Sources */,
				5B1BA7242C023325008E1C00 /* InsertLocationViewModel.swift in Sources */,
				5B1BA71A2BFC4BFF008E1C00 /* InsertLocationView.swift in Sources */,
				5B1BA7222BFCF7DF008E1C00 /* SavedRoutesView.swift in Sources */,
				5BC363802BF3C085004D46DB /* Item.swift in Sources */,
				5B1BA7112BFA4C2B008E1C00 /* LocationViewModel.swift in Sources */,
				5BC3637C2BF3C085004D46DB /* itinerarymakerApp.swift in Sources */,
			);
			runOnlyForDeploymentPostprocessing = 0;
		};
/* End PBXSourcesBuildPhase section */

/* Begin XCBuildConfiguration section */
		5BC363862BF3C086004D46DB /* Debug */ = {
			isa = XCBuildConfiguration;
			buildSettings = {
				ALWAYS_SEARCH_USER_PATHS = NO;
				ASSETCATALOG_COMPILER_GENERATE_SWIFT_ASSET_SYMBOL_EXTENSIONS = YES;
				CLANG_ANALYZER_NONNULL = YES;
				CLANG_ANALYZER_NUMBER_OBJECT_CONVERSION = YES_AGGRESSIVE;
				CLANG_CXX_LANGUAGE_STANDARD = "gnu++20";
				CLANG_ENABLE_MODULES = YES;
				CLANG_ENABLE_OBJC_ARC = YES;
				CLANG_ENABLE_OBJC_WEAK = YES;
				CLANG_WARN_BLOCK_CAPTURE_AUTORELEASING = YES;
				CLANG_WARN_BOOL_CONVERSION = YES;
				CLANG_WARN_COMMA = YES;
				CLANG_WARN_CONSTANT_CONVERSION = YES;
				CLANG_WARN_DEPRECATED_OBJC_IMPLEMENTATIONS = YES;
				CLANG_WARN_DIRECT_OBJC_ISA_USAGE = YES_ERROR;
				CLANG_WARN_DOCUMENTATION_COMMENTS = YES;
				CLANG_WARN_EMPTY_BODY = YES;
				CLANG_WARN_ENUM_CONVERSION = YES;
				CLANG_WARN_INFINITE_RECURSION = YES;
				CLANG_WARN_INT_CONVERSION = YES;
				CLANG_WARN_NON_LITERAL_NULL_CONVERSION = YES;
				CLANG_WARN_OBJC_IMPLICIT_RETAIN_SELF = YES;
				CLANG_WARN_OBJC_LITERAL_CONVERSION = YES;
				CLANG_WARN_OBJC_ROOT_CLASS = YES_ERROR;
				CLANG_WARN_QUOTED_INCLUDE_IN_FRAMEWORK_HEADER = YES;
				CLANG_WARN_RANGE_LOOP_ANALYSIS = YES;
				CLANG_WARN_STRICT_PROTOTYPES = YES;
				CLANG_WARN_SUSPICIOUS_MOVE = YES;
				CLANG_WARN_UNGUARDED_AVAILABILITY = YES_AGGRESSIVE;
				CLANG_WARN_UNREACHABLE_CODE = YES;
				CLANG_WARN__DUPLICATE_METHOD_MATCH = YES;
				COPY_PHASE_STRIP = NO;
				DEBUG_INFORMATION_FORMAT = dwarf;
				ENABLE_STRICT_OBJC_MSGSEND = YES;
				ENABLE_TESTABILITY = YES;
				ENABLE_USER_SCRIPT_SANDBOXING = YES;
				GCC_C_LANGUAGE_STANDARD = gnu17;
				GCC_DYNAMIC_NO_PIC = NO;
				GCC_NO_COMMON_BLOCKS = YES;
				GCC_OPTIMIZATION_LEVEL = 0;
				GCC_PREPROCESSOR_DEFINITIONS = (
					"DEBUG=1",
					"$(inherited)",
				);
				GCC_WARN_64_TO_32_BIT_CONVERSION = YES;
				GCC_WARN_ABOUT_RETURN_TYPE = YES_ERROR;
				GCC_WARN_UNDECLARED_SELECTOR = YES;
				GCC_WARN_UNINITIALIZED_AUTOS = YES_AGGRESSIVE;
				GCC_WARN_UNUSED_FUNCTION = YES;
				GCC_WARN_UNUSED_VARIABLE = YES;
				IPHONEOS_DEPLOYMENT_TARGET = 17.2;
				LOCALIZATION_PREFERS_STRING_CATALOGS = YES;
				MTL_ENABLE_DEBUG_INFO = INCLUDE_SOURCE;
				MTL_FAST_MATH = YES;
				ONLY_ACTIVE_ARCH = YES;
				SDKROOT = iphoneos;
				SWIFT_ACTIVE_COMPILATION_CONDITIONS = "DEBUG $(inherited)";
				SWIFT_OPTIMIZATION_LEVEL = "-Onone";
			};
			name = Debug;
		};
		5BC363872BF3C086004D46DB /* Release */ = {
			isa = XCBuildConfiguration;
			buildSettings = {
				ALWAYS_SEARCH_USER_PATHS = NO;
				ASSETCATALOG_COMPILER_GENERATE_SWIFT_ASSET_SYMBOL_EXTENSIONS = YES;
				CLANG_ANALYZER_NONNULL = YES;
				CLANG_ANALYZER_NUMBER_OBJECT_CONVERSION = YES_AGGRESSIVE;
				CLANG_CXX_LANGUAGE_STANDARD = "gnu++20";
				CLANG_ENABLE_MODULES = YES;
				CLANG_ENABLE_OBJC_ARC = YES;
				CLANG_ENABLE_OBJC_WEAK = YES;
				CLANG_WARN_BLOCK_CAPTURE_AUTORELEASING = YES;
				CLANG_WARN_BOOL_CONVERSION = YES;
				CLANG_WARN_COMMA = YES;
				CLANG_WARN_CONSTANT_CONVERSION = YES;
				CLANG_WARN_DEPRECATED_OBJC_IMPLEMENTATIONS = YES;
				CLANG_WARN_DIRECT_OBJC_ISA_USAGE = YES_ERROR;
				CLANG_WARN_DOCUMENTATION_COMMENTS = YES;
				CLANG_WARN_EMPTY_BODY = YES;
				CLANG_WARN_ENUM_CONVERSION = YES;
				CLANG_WARN_INFINITE_RECURSION = YES;
				CLANG_WARN_INT_CONVERSION = YES;
				CLANG_WARN_NON_LITERAL_NULL_CONVERSION = YES;
				CLANG_WARN_OBJC_IMPLICIT_RETAIN_SELF = YES;
				CLANG_WARN_OBJC_LITERAL_CONVERSION = YES;
				CLANG_WARN_OBJC_ROOT_CLASS = YES_ERROR;
				CLANG_WARN_QUOTED_INCLUDE_IN_FRAMEWORK_HEADER = YES;
				CLANG_WARN_RANGE_LOOP_ANALYSIS = YES;
				CLANG_WARN_STRICT_PROTOTYPES = YES;
				CLANG_WARN_SUSPICIOUS_MOVE = YES;
				CLANG_WARN_UNGUARDED_AVAILABILITY = YES_AGGRESSIVE;
				CLANG_WARN_UNREACHABLE_CODE = YES;
				CLANG_WARN__DUPLICATE_METHOD_MATCH = YES;
				COPY_PHASE_STRIP = NO;
				DEBUG_INFORMATION_FORMAT = "dwarf-with-dsym";
				ENABLE_NS_ASSERTIONS = NO;
				ENABLE_STRICT_OBJC_MSGSEND = YES;
				ENABLE_USER_SCRIPT_SANDBOXING = YES;
				GCC_C_LANGUAGE_STANDARD = gnu17;
				GCC_NO_COMMON_BLOCKS = YES;
				GCC_WARN_64_TO_32_BIT_CONVERSION = YES;
				GCC_WARN_ABOUT_RETURN_TYPE = YES_ERROR;
				GCC_WARN_UNDECLARED_SELECTOR = YES;
				GCC_WARN_UNINITIALIZED_AUTOS = YES_AGGRESSIVE;
				GCC_WARN_UNUSED_FUNCTION = YES;
				GCC_WARN_UNUSED_VARIABLE = YES;
				IPHONEOS_DEPLOYMENT_TARGET = 17.2;
				LOCALIZATION_PREFERS_STRING_CATALOGS = YES;
				MTL_ENABLE_DEBUG_INFO = NO;
				MTL_FAST_MATH = YES;
				SDKROOT = iphoneos;
				SWIFT_COMPILATION_MODE = wholemodule;
				VALIDATE_PRODUCT = YES;
			};
			name = Release;
		};
		5BC363892BF3C086004D46DB /* Debug */ = {
			isa = XCBuildConfiguration;
			buildSettings = {
				ASSETCATALOG_COMPILER_APPICON_NAME = AppIcon;
				ASSETCATALOG_COMPILER_GLOBAL_ACCENT_COLOR_NAME = AccentColor;
				CODE_SIGN_STYLE = Automatic;
				CURRENT_PROJECT_VERSION = 1;
				DEVELOPMENT_ASSET_PATHS = "\"itinerarymaker/Preview Content\"";
				DEVELOPMENT_TEAM = 7STQ7T3976;
				ENABLE_PREVIEWS = YES;
				GENERATE_INFOPLIST_FILE = YES;
				INFOPLIST_KEY_CFBundleDisplayName = RoadRouter;
				INFOPLIST_KEY_UIApplicationSceneManifest_Generation = YES;
				INFOPLIST_KEY_UIApplicationSupportsIndirectInputEvents = YES;
				INFOPLIST_KEY_UILaunchScreen_Generation = YES;
				INFOPLIST_KEY_UISupportedInterfaceOrientations_iPad = "UIInterfaceOrientationPortrait UIInterfaceOrientationPortraitUpsideDown UIInterfaceOrientationLandscapeLeft UIInterfaceOrientationLandscapeRight";
				INFOPLIST_KEY_UISupportedInterfaceOrientations_iPhone = "UIInterfaceOrientationPortrait UIInterfaceOrientationLandscapeLeft UIInterfaceOrientationLandscapeRight";
				LD_RUNPATH_SEARCH_PATHS = (
					"$(inherited)",
					"@executable_path/Frameworks",
				);
				MARKETING_VERSION = 1.0;
				PRODUCT_BUNDLE_IDENTIFIER = com.appleacademy.itinerarymaker;
				PRODUCT_NAME = "$(TARGET_NAME)";
				SWIFT_EMIT_LOC_STRINGS = YES;
				SWIFT_VERSION = 5.0;
				TARGETED_DEVICE_FAMILY = "1,2";
			};
			name = Debug;
		};
		5BC3638A2BF3C086004D46DB /* Release */ = {
			isa = XCBuildConfiguration;
			buildSettings = {
				ASSETCATALOG_COMPILER_APPICON_NAME = AppIcon;
				ASSETCATALOG_COMPILER_GLOBAL_ACCENT_COLOR_NAME = AccentColor;
				CODE_SIGN_STYLE = Automatic;
				CURRENT_PROJECT_VERSION = 1;
				DEVELOPMENT_ASSET_PATHS = "\"itinerarymaker/Preview Content\"";
				DEVELOPMENT_TEAM = 7STQ7T3976;
				ENABLE_PREVIEWS = YES;
				GENERATE_INFOPLIST_FILE = YES;
				INFOPLIST_KEY_CFBundleDisplayName = RoadRouter;
				INFOPLIST_KEY_UIApplicationSceneManifest_Generation = YES;
				INFOPLIST_KEY_UIApplicationSupportsIndirectInputEvents = YES;
				INFOPLIST_KEY_UILaunchScreen_Generation = YES;
				INFOPLIST_KEY_UISupportedInterfaceOrientations_iPad = "UIInterfaceOrientationPortrait UIInterfaceOrientationPortraitUpsideDown UIInterfaceOrientationLandscapeLeft UIInterfaceOrientationLandscapeRight";
				INFOPLIST_KEY_UISupportedInterfaceOrientations_iPhone = "UIInterfaceOrientationPortrait UIInterfaceOrientationLandscapeLeft UIInterfaceOrientationLandscapeRight";
				LD_RUNPATH_SEARCH_PATHS = (
					"$(inherited)",
					"@executable_path/Frameworks",
				);
				MARKETING_VERSION = 1.0;
				PRODUCT_BUNDLE_IDENTIFIER = com.appleacademy.itinerarymaker;
				PRODUCT_NAME = "$(TARGET_NAME)";
				SWIFT_EMIT_LOC_STRINGS = YES;
				SWIFT_VERSION = 5.0;
				TARGETED_DEVICE_FAMILY = "1,2";
			};
			name = Release;
		};
/* End XCBuildConfiguration section */

/* Begin XCConfigurationList section */
		5BC363732BF3C084004D46DB /* Build configuration list for PBXProject "itinerarymaker" */ = {
			isa = XCConfigurationList;
			buildConfigurations = (
				5BC363862BF3C086004D46DB /* Debug */,
				5BC363872BF3C086004D46DB /* Release */,
			);
			defaultConfigurationIsVisible = 0;
			defaultConfigurationName = Release;
		};
		5BC363882BF3C086004D46DB /* Build configuration list for PBXNativeTarget "itinerarymaker" */ = {
			isa = XCConfigurationList;
			buildConfigurations = (
				5BC363892BF3C086004D46DB /* Debug */,
				5BC3638A2BF3C086004D46DB /* Release */,
			);
			defaultConfigurationIsVisible = 0;
			defaultConfigurationName = Release;
		};
/* End XCConfigurationList section */
	};
	rootObject = 5BC363702BF3C084004D46DB /* Project object */;
}
